
Microsoft Visual Studio Solution File, Format Version 12.00
# Visual Studio Version 17
VisualStudioVersion = 17.10.35013.160
MinimumVisualStudioVersion = 10.0.40219.1
Project("{FAE04EC0-301F-11D3-BF4B-00C04F79EFBC}") = "FF8Utilities", "FF8Utilities\FF8Utilities.csproj", "{100B1BE4-EED1-48E4-9DA8-5A411ECB5896}"
	ProjectSection(ProjectDependencies) = postProject
		{EE5B5356-F54B-4803-93AF-F7EE76AC91D0} = {EE5B5356-F54B-4803-93AF-F7EE76AC91D0}
	EndProjectSection
EndProject
Project("{FAE04EC0-301F-11D3-BF4B-00C04F79EFBC}") = "CarawayCode", "CarawayCode\CarawayCode.csproj", "{E354ACCB-41C5-4ECB-9E1F-0BA274D78C1B}"
EndProject
Project("{FAE04EC0-301F-11D3-BF4B-00C04F79EFBC}") = "FF8Utilities.Data", "FF8Utilities.Data\FF8Utilities.Data.csproj", "{6FFA01C4-CA0A-4752-8B26-DAF0B9867DAD}"
EndProject
Project("{FAE04EC0-301F-11D3-BF4B-00C04F79EFBC}") = "UltimeciaManip", "UltimeciaManip\UltimeciaManip.csproj", "{1BEA2DDC-ACFD-48A9-9E37-15CC4B19A3FE}"
EndProject
Project("{9A19103F-16F7-4668-BE54-9A1E7A4F7556}") = "ff8-card-manip", "..\ff8-card-manip\ff8-card-manip.csproj", "{EE5B5356-F54B-4803-93AF-F7EE76AC91D0}"
EndProject
Global
	GlobalSection(SolutionConfigurationPlatforms) = preSolution
		Debug|Any CPU = Debug|Any CPU
		Release|Any CPU = Release|Any CPU
	EndGlobalSection
	GlobalSection(ProjectConfigurationPlatforms) = postSolution
		{100B1BE4-EED1-48E4-9DA8-5A411ECB5896}.Debug|Any CPU.ActiveCfg = Debug|Any CPU
		{100B1BE4-EED1-48E4-9DA8-5A411ECB5896}.Debug|Any CPU.Build.0 = Debug|Any CPU
		{100B1BE4-EED1-48E4-9DA8-5A411ECB5896}.Release|Any CPU.ActiveCfg = Release|Any CPU
		{100B1BE4-EED1-48E4-9DA8-5A411ECB5896}.Release|Any CPU.Build.0 = Release|Any CPU
		{E354ACCB-41C5-4ECB-9E1F-0BA274D78C1B}.Debug|Any CPU.ActiveCfg = Debug|Any CPU
		{E354ACCB-41C5-4ECB-9E1F-0BA274D78C1B}.Debug|Any CPU.Build.0 = Debug|Any CPU
		{E354ACCB-41C5-4ECB-9E1F-0BA274D78C1B}.Release|Any CPU.ActiveCfg = Release|Any CPU
		{E354ACCB-41C5-4ECB-9E1F-0BA274D78C1B}.Release|Any CPU.Build.0 = Release|Any CPU
		{6FFA01C4-CA0A-4752-8B26-DAF0B9867DAD}.Debug|Any CPU.ActiveCfg = Debug|Any CPU
		{6FFA01C4-CA0A-4752-8B26-DAF0B9867DAD}.Debug|Any CPU.Build.0 = Debug|Any CPU
		{6FFA01C4-CA0A-4752-8B26-DAF0B9867DAD}.Release|Any CPU.ActiveCfg = Release|Any CPU
		{6FFA01C4-CA0A-4752-8B26-DAF0B9867DAD}.Release|Any CPU.Build.0 = Release|Any CPU
		{1BEA2DDC-ACFD-48A9-9E37-15CC4B19A3FE}.Debug|Any CPU.ActiveCfg = Debug|Any CPU
		{1BEA2DDC-ACFD-48A9-9E37-15CC4B19A3FE}.Debug|Any CPU.Build.0 = Debug|Any CPU
		{1BEA2DDC-ACFD-48A9-9E37-15CC4B19A3FE}.Release|Any CPU.ActiveCfg = Release|Any CPU
		{1BEA2DDC-ACFD-48A9-9E37-15CC4B19A3FE}.Release|Any CPU.Build.0 = Release|Any CPU
		{EE5B5356-F54B-4803-93AF-F7EE76AC91D0}.Debug|Any CPU.ActiveCfg = Debug|Any CPU
		{EE5B5356-F54B-4803-93AF-F7EE76AC91D0}.Debug|Any CPU.Build.0 = Debug|Any CPU
		{EE5B5356-F54B-4803-93AF-F7EE76AC91D0}.Release|Any CPU.ActiveCfg = Release|Any CPU
		{EE5B5356-F54B-4803-93AF-F7EE76AC91D0}.Release|Any CPU.Build.0 = Release|Any CPU
	EndGlobalSection
	GlobalSection(SolutionProperties) = preSolution
		HideSolutionNode = FALSE
	EndGlobalSection
	GlobalSection(ExtensibilityGlobals) = postSolution
		SolutionGuid = {19B642DF-07C7-425E-90D7-E97EB2B9A3D0}
	EndGlobalSection
EndGlobal
