
Microsoft Visual Studio Solution File, Format Version 12.00
# Visual Studio Version 17
VisualStudioVersion = 17.10.35013.160
MinimumVisualStudioVersion = 10.0.40219.1
Project("{FAE04EC0-301F-11D3-BF4B-00C04F79EFBC}") = "FF8Utilities", "FF8Utilities\FF8Utilities.csproj", "{100B1BE4-EED1-48E4-9DA8-5A411ECB5896}"
EndProject
Project("{FAE04EC0-301F-11D3-BF4B-00C04F79EFBC}") = "CarawayCode", "CarawayCode\CarawayCode.csproj", "{E354ACCB-41C5-4ECB-9E1F-0BA274D78C1B}"
EndProject
Project("{FAE04EC0-301F-11D3-BF4B-00C04F79EFBC}") = "FF8Utilities.Common", "FF8Utilities.Data\FF8Utilities.Common.csproj", "{6FFA01C4-CA0A-4752-8B26-DAF0B9867DAD}"
EndProject
Project("{FAE04EC0-301F-11D3-BF4B-00C04F79EFBC}") = "UltimeciaManip", "UltimeciaManip\UltimeciaManip.csproj", "{1BEA2DDC-ACFD-48A9-9E37-15CC4B19A3FE}"
EndProject
Project("{FAE04EC0-301F-11D3-BF4B-00C04F79EFBC}") = "LateQuistis", "LateQuistis\LateQuistis.csproj", "{82CB8657-475A-4223-A6BE-54BBA965AD23}"
EndProject
Project("{FAE04EC0-301F-11D3-BF4B-00C04F79EFBC}") = "FF8Utilities.Updater", "FF8Utilities.Updater\FF8Utilities.Updater.csproj", "{CC22D4C1-852D-4F8C-8968-135492BA37F4}"
EndProject
Project("{FAE04EC0-301F-11D3-BF4B-00C04F79EFBC}") = "CardManipulation", "CardManipulation\CardManipulation.csproj", "{D2B3549B-6A5E-47BB-9027-8538B60BD738}"
EndProject
Project("{FAE04EC0-301F-11D3-BF4B-00C04F79EFBC}") = "KaivelFins", "KaivelFins\KaivelFins.csproj", "{F3F797FC-051E-46A3-9E6D-8D330D8B0544}"
EndProject
Project("{FAE04EC0-301F-11D3-BF4B-00C04F79EFBC}") = "FF8Utilities.Test", "FF8Utilities.Test\FF8Utilities.Test.csproj", "{F25EDE6B-ECC9-4E6F-813D-EDEDE0B8C025}"
EndProject
Project("{FAE04EC0-301F-11D3-BF4B-00C04F79EFBC}") = "ff8-card-manip", "..\ff8-card-manip\ff8-card-manip.csproj", "{698DE34C-28EF-A648-B294-0AD4A7561F16}"
EndProject
Project("{FAE04EC0-301F-11D3-BF4B-00C04F79EFBC}") = "FF8Utilities.MAUI", "FF8Utilities.MAUI\FF8Utilities.MAUI.csproj", "{CC3D61AA-62D0-4E58-A578-59EB933DA3D4}"
EndProject
Global
	GlobalSection(SolutionConfigurationPlatforms) = preSolution
		Debug|Any CPU = Debug|Any CPU
		Release|Any CPU = Release|Any CPU
	EndGlobalSection
	GlobalSection(ProjectConfigurationPlatforms) = postSolution
		{100B1BE4-EED1-48E4-9DA8-5A411ECB5896}.Debug|Any CPU.ActiveCfg = Debug|Any CPU
		{100B1BE4-EED1-48E4-9DA8-5A411ECB5896}.Debug|Any CPU.Build.0 = Debug|Any CPU
		{100B1BE4-EED1-48E4-9DA8-5A411ECB5896}.Release|Any CPU.ActiveCfg = Release|Any CPU
		{100B1BE4-EED1-48E4-9DA8-5A411ECB5896}.Release|Any CPU.Build.0 = Release|Any CPU
		{E354ACCB-41C5-4ECB-9E1F-0BA274D78C1B}.Debug|Any CPU.ActiveCfg = Debug|Any CPU
		{E354ACCB-41C5-4ECB-9E1F-0BA274D78C1B}.Debug|Any CPU.Build.0 = Debug|Any CPU
		{E354ACCB-41C5-4ECB-9E1F-0BA274D78C1B}.Release|Any CPU.ActiveCfg = Release|Any CPU
		{E354ACCB-41C5-4ECB-9E1F-0BA274D78C1B}.Release|Any CPU.Build.0 = Release|Any CPU
		{6FFA01C4-CA0A-4752-8B26-DAF0B9867DAD}.Debug|Any CPU.ActiveCfg = Debug|Any CPU
		{6FFA01C4-CA0A-4752-8B26-DAF0B9867DAD}.Debug|Any CPU.Build.0 = Debug|Any CPU
		{6FFA01C4-CA0A-4752-8B26-DAF0B9867DAD}.Release|Any CPU.ActiveCfg = Release|Any CPU
		{6FFA01C4-CA0A-4752-8B26-DAF0B9867DAD}.Release|Any CPU.Build.0 = Release|Any CPU
		{1BEA2DDC-ACFD-48A9-9E37-15CC4B19A3FE}.Debug|Any CPU.ActiveCfg = Debug|Any CPU
		{1BEA2DDC-ACFD-48A9-9E37-15CC4B19A3FE}.Debug|Any CPU.Build.0 = Debug|Any CPU
		{1BEA2DDC-ACFD-48A9-9E37-15CC4B19A3FE}.Release|Any CPU.ActiveCfg = Release|Any CPU
		{1BEA2DDC-ACFD-48A9-9E37-15CC4B19A3FE}.Release|Any CPU.Build.0 = Release|Any CPU
		{82CB8657-475A-4223-A6BE-54BBA965AD23}.Debug|Any CPU.ActiveCfg = Debug|Any CPU
		{82CB8657-475A-4223-A6BE-54BBA965AD23}.Debug|Any CPU.Build.0 = Debug|Any CPU
		{82CB8657-475A-4223-A6BE-54BBA965AD23}.Release|Any CPU.ActiveCfg = Release|Any CPU
		{82CB8657-475A-4223-A6BE-54BBA965AD23}.Release|Any CPU.Build.0 = Release|Any CPU
		{CC22D4C1-852D-4F8C-8968-135492BA37F4}.Debug|Any CPU.ActiveCfg = Debug|Any CPU
		{CC22D4C1-852D-4F8C-8968-135492BA37F4}.Debug|Any CPU.Build.0 = Debug|Any CPU
		{CC22D4C1-852D-4F8C-8968-135492BA37F4}.Release|Any CPU.ActiveCfg = Release|Any CPU
		{CC22D4C1-852D-4F8C-8968-135492BA37F4}.Release|Any CPU.Build.0 = Release|Any CPU
		{D2B3549B-6A5E-47BB-9027-8538B60BD738}.Debug|Any CPU.ActiveCfg = Debug|Any CPU
		{D2B3549B-6A5E-47BB-9027-8538B60BD738}.Debug|Any CPU.Build.0 = Debug|Any CPU
		{D2B3549B-6A5E-47BB-9027-8538B60BD738}.Release|Any CPU.ActiveCfg = Release|Any CPU
		{D2B3549B-6A5E-47BB-9027-8538B60BD738}.Release|Any CPU.Build.0 = Release|Any CPU
		{F3F797FC-051E-46A3-9E6D-8D330D8B0544}.Debug|Any CPU.ActiveCfg = Debug|Any CPU
		{F3F797FC-051E-46A3-9E6D-8D330D8B0544}.Debug|Any CPU.Build.0 = Debug|Any CPU
		{F3F797FC-051E-46A3-9E6D-8D330D8B0544}.Release|Any CPU.ActiveCfg = Release|Any CPU
		{F3F797FC-051E-46A3-9E6D-8D330D8B0544}.Release|Any CPU.Build.0 = Release|Any CPU
		{F25EDE6B-ECC9-4E6F-813D-EDEDE0B8C025}.Debug|Any CPU.ActiveCfg = Debug|Any CPU
		{F25EDE6B-ECC9-4E6F-813D-EDEDE0B8C025}.Debug|Any CPU.Build.0 = Debug|Any CPU
		{F25EDE6B-ECC9-4E6F-813D-EDEDE0B8C025}.Release|Any CPU.ActiveCfg = Release|Any CPU
		{F25EDE6B-ECC9-4E6F-813D-EDEDE0B8C025}.Release|Any CPU.Build.0 = Release|Any CPU
		{698DE34C-28EF-A648-B294-0AD4A7561F16}.Debug|Any CPU.ActiveCfg = Debug|Any CPU
		{698DE34C-28EF-A648-B294-0AD4A7561F16}.Debug|Any CPU.Build.0 = Debug|Any CPU
		{698DE34C-28EF-A648-B294-0AD4A7561F16}.Release|Any CPU.ActiveCfg = Release|Any CPU
		{698DE34C-28EF-A648-B294-0AD4A7561F16}.Release|Any CPU.Build.0 = Release|Any CPU
		{CC3D61AA-62D0-4E58-A578-59EB933DA3D4}.Debug|Any CPU.ActiveCfg = Debug|Any CPU
		{CC3D61AA-62D0-4E58-A578-59EB933DA3D4}.Debug|Any CPU.Build.0 = Debug|Any CPU
		{CC3D61AA-62D0-4E58-A578-59EB933DA3D4}.Release|Any CPU.ActiveCfg = Release|Any CPU
		{CC3D61AA-62D0-4E58-A578-59EB933DA3D4}.Release|Any CPU.Build.0 = Release|Any CPU
	EndGlobalSection
	GlobalSection(SolutionProperties) = preSolution
		HideSolutionNode = FALSE
	EndGlobalSection
	GlobalSection(ExtensibilityGlobals) = postSolution
		SolutionGuid = {19B642DF-07C7-425E-90D7-E97EB2B9A3D0}
	EndGlobalSection
EndGlobal
